// !$*UTF8*$!
{
	archiveVersion = 1;
	classes = {
	};
	objectVersion = 48;
	objects = {

/* Begin PBXBuildFile section */
		369313001FEA30DC00C8FE87 /* AppDelegate.m in Sources */ = {isa = PBXBuildFile; fileRef = 369312FF1FEA30DC00C8FE87 /* AppDelegate.m */; };
		369313031FEA30DC00C8FE87 /* ViewController.m in Sources */ = {isa = PBXBuildFile; fileRef = 369313021FEA30DC00C8FE87 /* ViewController.m */; };
		369313061FEA30DC00C8FE87 /* Main.storyboard in Resources */ = {isa = PBXBuildFile; fileRef = 369313041FEA30DC00C8FE87 /* Main.storyboard */; };
		369313081FEA30DC00C8FE87 /* Assets.xcassets in Resources */ = {isa = PBXBuildFile; fileRef = 369313071FEA30DC00C8FE87 /* Assets.xcassets */; };
		3693130B1FEA30DC00C8FE87 /* LaunchScreen.storyboard in Resources */ = {isa = PBXBuildFile; fileRef = 369313091FEA30DC00C8FE87 /* LaunchScreen.storyboard */; };
		3693130E1FEA30DC00C8FE87 /* main.m in Sources */ = {isa = PBXBuildFile; fileRef = 3693130D1FEA30DC00C8FE87 /* main.m */; };
		369313181FEA30DC00C8FE87 /* SelectTableViewTests.m in Sources */ = {isa = PBXBuildFile; fileRef = 369313171FEA30DC00C8FE87 /* SelectTableViewTests.m */; };
		369313231FEA30DC00C8FE87 /* SelectTableViewUITests.m in Sources */ = {isa = PBXBuildFile; fileRef = 369313221FEA30DC00C8FE87 /* SelectTableViewUITests.m */; };
		369313331FEA310A00C8FE87 /* TableViewCell.m in Sources */ = {isa = PBXBuildFile; fileRef = 369313311FEA310A00C8FE87 /* TableViewCell.m */; };
		369313341FEA310A00C8FE87 /* TableViewCell.xib in Resources */ = {isa = PBXBuildFile; fileRef = 369313321FEA310A00C8FE87 /* TableViewCell.xib */; };
/* End PBXBuildFile section */

/* Begin PBXContainerItemProxy section */
		369313141FEA30DC00C8FE87 /* PBXContainerItemProxy */ = {
			isa = PBXContainerItemProxy;
			containerPortal = 369312F31FEA30DC00C8FE87 /* Project object */;
			proxyType = 1;
			remoteGlobalIDString = 369312FA1FEA30DC00C8FE87;
			remoteInfo = SelectTableView;
		};
		3693131F1FEA30DC00C8FE87 /* PBXContainerItemProxy */ = {
			isa = PBXContainerItemProxy;
			containerPortal = 369312F31FEA30DC00C8FE87 /* Project object */;
			proxyType = 1;
			remoteGlobalIDString = 369312FA1FEA30DC00C8FE87;
			remoteInfo = SelectTableView;
		};
/* End PBXContainerItemProxy section */

/* Begin PBXFileReference section */
		369312FB1FEA30DC00C8FE87 /* SelectTableView.app */ = {isa = PBXFileReference; explicitFileType = wrapper.application; includeInIndex = 0; path = SelectTableView.app; sourceTree = BUILT_PRODUCTS_DIR; };
		369312FE1FEA30DC00C8FE87 /* AppDelegate.h */ = {isa = PBXFileReference; lastKnownFileType = sourcecode.c.h; path = AppDelegate.h; sourceTree = "<group>"; };
		369312FF1FEA30DC00C8FE87 /* AppDelegate.m */ = {isa = PBXFileReference; lastKnownFileType = sourcecode.c.objc; path = AppDelegate.m; sourceTree = "<group>"; };
		369313011FEA30DC00C8FE87 /* ViewController.h */ = {isa = PBXFileReference; lastKnownFileType = sourcecode.c.h; path = ViewController.h; sourceTree = "<group>"; };
		369313021FEA30DC00C8FE87 /* ViewController.m */ = {isa = PBXFileReference; lastKnownFileType = sourcecode.c.objc; path = ViewController.m; sourceTree = "<group>"; };
		369313051FEA30DC00C8FE87 /* Base */ = {isa = PBXFileReference; lastKnownFileType = file.storyboard; name = Base; path = Base.lproj/Main.storyboard; sourceTree = "<group>"; };
		369313071FEA30DC00C8FE87 /* Assets.xcassets */ = {isa = PBXFileReference; lastKnownFileType = folder.assetcatalog; path = Assets.xcassets; sourceTree = "<group>"; };
		3693130A1FEA30DC00C8FE87 /* Base */ = {isa = PBXFileReference; lastKnownFileType = file.storyboard; name = Base; path = Base.lproj/LaunchScreen.storyboard; sourceTree = "<group>"; };
		3693130C1FEA30DC00C8FE87 /* Info.plist */ = {isa = PBXFileReference; lastKnownFileType = text.plist.xml; path = Info.plist; sourceTree = "<group>"; };
		3693130D1FEA30DC00C8FE87 /* main.m */ = {isa = PBXFileReference; lastKnownFileType = sourcecode.c.objc; path = main.m; sourceTree = "<group>"; };
		369313131FEA30DC00C8FE87 /* SelectTableViewTests.xctest */ = {isa = PBXFileReference; explicitFileType = wrapper.cfbundle; includeInIndex = 0; path = SelectTableViewTests.xctest; sourceTree = BUILT_PRODUCTS_DIR; };
		369313171FEA30DC00C8FE87 /* SelectTableViewTests.m */ = {isa = PBXFileReference; lastKnownFileType = sourcecode.c.objc; path = SelectTableViewTests.m; sourceTree = "<group>"; };
		369313191FEA30DC00C8FE87 /* Info.plist */ = {isa = PBXFileReference; lastKnownFileType = text.plist.xml; path = Info.plist; sourceTree = "<group>"; };
		3693131E1FEA30DC00C8FE87 /* SelectTableViewUITests.xctest */ = {isa = PBXFileReference; explicitFileType = wrapper.cfbundle; includeInIndex = 0; path = SelectTableViewUITests.xctest; sourceTree = BUILT_PRODUCTS_DIR; };
		369313221FEA30DC00C8FE87 /* SelectTableViewUITests.m */ = {isa = PBXFileReference; lastKnownFileType = sourcecode.c.objc; path = SelectTableViewUITests.m; sourceTree = "<group>"; };
		369313241FEA30DC00C8FE87 /* Info.plist */ = {isa = PBXFileReference; lastKnownFileType = text.plist.xml; path = Info.plist; sourceTree = "<group>"; };
		369313301FEA310A00C8FE87 /* TableViewCell.h */ = {isa = PBXFileReference; lastKnownFileType = sourcecode.c.h; path = TableViewCell.h; sourceTree = "<group>"; };
		369313311FEA310A00C8FE87 /* TableViewCell.m */ = {isa = PBXFileReference; lastKnownFileType = sourcecode.c.objc; path = TableViewCell.m; sourceTree = "<group>"; };
		369313321FEA310A00C8FE87 /* TableViewCell.xib */ = {isa = PBXFileReference; lastKnownFileType = file.xib; path = TableViewCell.xib; sourceTree = "<group>"; };
/* End PBXFileReference section */

/* Begin PBXFrameworksBuildPhase section */
		369312F81FEA30DC00C8FE87 /* Frameworks */ = {
			isa = PBXFrameworksBuildPhase;
			buildActionMask = 2147483647;
			files = (
			);
			runOnlyForDeploymentPostprocessing = 0;
		};
		369313101FEA30DC00C8FE87 /* Frameworks */ = {
			isa = PBXFrameworksBuildPhase;
			buildActionMask = 2147483647;
			files = (
			);
			runOnlyForDeploymentPostprocessing = 0;
		};
		3693131B1FEA30DC00C8FE87 /* Frameworks */ = {
			isa = PBXFrameworksBuildPhase;
			buildActionMask = 2147483647;
			files = (
			);
			runOnlyForDeploymentPostprocessing = 0;
		};
/* End PBXFrameworksBuildPhase section */

/* Begin PBXGroup section */
		369312F21FEA30DC00C8FE87 = {
			isa = PBXGroup;
			children = (
				369312FD1FEA30DC00C8FE87 /* SelectTableView */,
				369313161FEA30DC00C8FE87 /* SelectTableViewTests */,
				369313211FEA30DC00C8FE87 /* SelectTableViewUITests */,
				369312FC1FEA30DC00C8FE87 /* Products */,
			);
			sourceTree = "<group>";
		};
		369312FC1FEA30DC00C8FE87 /* Products */ = {
			isa = PBXGroup;
			children = (
				369312FB1FEA30DC00C8FE87 /* SelectTableView.app */,
				369313131FEA30DC00C8FE87 /* SelectTableViewTests.xctest */,
				3693131E1FEA30DC00C8FE87 /* SelectTableViewUITests.xctest */,
			);
			name = Products;
			sourceTree = "<group>";
		};
		369312FD1FEA30DC00C8FE87 /* SelectTableView */ = {
			isa = PBXGroup;
			children = (
				369312FE1FEA30DC00C8FE87 /* AppDelegate.h */,
				369312FF1FEA30DC00C8FE87 /* AppDelegate.m */,
				369313011FEA30DC00C8FE87 /* ViewController.h */,
				369313021FEA30DC00C8FE87 /* ViewController.m */,
				369313301FEA310A00C8FE87 /* TableViewCell.h */,
				369313311FEA310A00C8FE87 /* TableViewCell.m */,
				369313321FEA310A00C8FE87 /* TableViewCell.xib */,
				369313041FEA30DC00C8FE87 /* Main.storyboard */,
				369313071FEA30DC00C8FE87 /* Assets.xcassets */,
				369313091FEA30DC00C8FE87 /* LaunchScreen.storyboard */,
				3693130C1FEA30DC00C8FE87 /* Info.plist */,
				3693130D1FEA30DC00C8FE87 /* main.m */,
			);
			path = SelectTableView;
			sourceTree = "<group>";
		};
		369313161FEA30DC00C8FE87 /* SelectTableViewTests */ = {
			isa = PBXGroup;
			children = (
				369313171FEA30DC00C8FE87 /* SelectTableViewTests.m */,
				369313191FEA30DC00C8FE87 /* Info.plist */,
			);
			path = SelectTableViewTests;
			sourceTree = "<group>";
		};
		369313211FEA30DC00C8FE87 /* SelectTableViewUITests */ = {
			isa = PBXGroup;
			children = (
				369313221FEA30DC00C8FE87 /* SelectTableViewUITests.m */,
				369313241FEA30DC00C8FE87 /* Info.plist */,
			);
			path = SelectTableViewUITests;
			sourceTree = "<group>";
		};
/* End PBXGroup section */

/* Begin PBXNativeTarget section */
		369312FA1FEA30DC00C8FE87 /* SelectTableView */ = {
			isa = PBXNativeTarget;
			buildConfigurationList = 369313271FEA30DC00C8FE87 /* Build configuration list for PBXNativeTarget "SelectTableView" */;
			buildPhases = (
				369312F71FEA30DC00C8FE87 /* Sources */,
				369312F81FEA30DC00C8FE87 /* Frameworks */,
				369312F91FEA30DC00C8FE87 /* Resources */,
			);
			buildRules = (
			);
			dependencies = (
			);
			name = SelectTableView;
			productName = SelectTableView;
			productReference = 369312FB1FEA30DC00C8FE87 /* SelectTableView.app */;
			productType = "com.apple.product-type.application";
		};
		369313121FEA30DC00C8FE87 /* SelectTableViewTests */ = {
			isa = PBXNativeTarget;
			buildConfigurationList = 3693132A1FEA30DC00C8FE87 /* Build configuration list for PBXNativeTarget "SelectTableViewTests" */;
			buildPhases = (
				3693130F1FEA30DC00C8FE87 /* Sources */,
				369313101FEA30DC00C8FE87 /* Frameworks */,
				369313111FEA30DC00C8FE87 /* Resources */,
			);
			buildRules = (
			);
			dependencies = (
				369313151FEA30DC00C8FE87 /* PBXTargetDependency */,
			);
			name = SelectTableViewTests;
			productName = SelectTableViewTests;
			productReference = 369313131FEA30DC00C8FE87 /* SelectTableViewTests.xctest */;
			productType = "com.apple.product-type.bundle.unit-test";
		};
		3693131D1FEA30DC00C8FE87 /* SelectTableViewUITests */ = {
			isa = PBXNativeTarget;
			buildConfigurationList = 3693132D1FEA30DC00C8FE87 /* Build configuration list for PBXNativeTarget "SelectTableViewUITests" */;
			buildPhases = (
				3693131A1FEA30DC00C8FE87 /* Sources */,
				3693131B1FEA30DC00C8FE87 /* Frameworks */,
				3693131C1FEA30DC00C8FE87 /* Resources */,
			);
			buildRules = (
			);
			dependencies = (
				369313201FEA30DC00C8FE87 /* PBXTargetDependency */,
			);
			name = SelectTableViewUITests;
			productName = SelectTableViewUITests;
			productReference = 3693131E1FEA30DC00C8FE87 /* SelectTableViewUITests.xctest */;
			productType = "com.apple.product-type.bundle.ui-testing";
		};
/* End PBXNativeTarget section */

/* Begin PBXProject section */
		369312F31FEA30DC00C8FE87 /* Project object */ = {
			isa = PBXProject;
			attributes = {
				LastUpgradeCheck = 0920;
				ORGANIZATIONNAME = Rainy;
				TargetAttributes = {
					369312FA1FEA30DC00C8FE87 = {
						CreatedOnToolsVersion = 9.2;
						ProvisioningStyle = Automatic;
					};
					369313121FEA30DC00C8FE87 = {
						CreatedOnToolsVersion = 9.2;
						ProvisioningStyle = Automatic;
						TestTargetID = 369312FA1FEA30DC00C8FE87;
					};
					3693131D1FEA30DC00C8FE87 = {
						CreatedOnToolsVersion = 9.2;
						ProvisioningStyle = Automatic;
						TestTargetID = 369312FA1FEA30DC00C8FE87;
					};
				};
			};
			buildConfigurationList = 369312F61FEA30DC00C8FE87 /* Build configuration list for PBXProject "SelectTableView" */;
			compatibilityVersion = "Xcode 8.0";
			developmentRegion = en;
			hasScannedForEncodings = 0;
			knownRegions = (
				en,
				Base,
			);
			mainGroup = 369312F21FEA30DC00C8FE87;
			productRefGroup = 369312FC1FEA30DC00C8FE87 /* Products */;
			projectDirPath = "";
			projectRoot = "";
			targets = (
				369312FA1FEA30DC00C8FE87 /* SelectTableView */,
				369313121FEA30DC00C8FE87 /* SelectTableViewTests */,
				3693131D1FEA30DC00C8FE87 /* SelectTableViewUITests */,
			);
		};
/* End PBXProject section */

/* Begin PBXResourcesBuildPhase section */
		369312F91FEA30DC00C8FE87 /* Resources */ = {
			isa = PBXResourcesBuildPhase;
			buildActionMask = 2147483647;
			files = (
				3693130B1FEA30DC00C8FE87 /* LaunchScreen.storyboard in Resources */,
				369313341FEA310A00C8FE87 /* TableViewCell.xib in Resources */,
				369313081FEA30DC00C8FE87 /* Assets.xcassets in Resources */,
				369313061FEA30DC00C8FE87 /* Main.storyboard in Resources */,
			);
			runOnlyForDeploymentPostprocessing = 0;
		};
		369313111FEA30DC00C8FE87 /* Resources */ = {
			isa = PBXResourcesBuildPhase;
			buildActionMask = 2147483647;
			files = (
			);
			runOnlyForDeploymentPostprocessing = 0;
		};
		3693131C1FEA30DC00C8FE87 /* Resources */ = {
			isa = PBXResourcesBuildPhase;
			buildActionMask = 2147483647;
			files = (
			);
			runOnlyForDeploymentPostprocessing = 0;
		};
/* End PBXResourcesBuildPhase section */

/* Begin PBXSourcesBuildPhase section */
		369312F71FEA30DC00C8FE87 /* Sources */ = {
			isa = PBXSourcesBuildPhase;
			buildActionMask = 2147483647;
			files = (
				369313031FEA30DC00C8FE87 /* ViewController.m in Sources */,
				369313331FEA310A00C8FE87 /* TableViewCell.m in Sources */,
				3693130E1FEA30DC00C8FE87 /* main.m in Sources */,
				369313001FEA30DC00C8FE87 /* AppDelegate.m in Sources */,
			);
			runOnlyForDeploymentPostprocessing = 0;
		};
		3693130F1FEA30DC00C8FE87 /* Sources */ = {
			isa = PBXSourcesBuildPhase;
			buildActionMask = 2147483647;
			files = (
				369313181FEA30DC00C8FE87 /* SelectTableViewTests.m in Sources */,
			);
			runOnlyForDeploymentPostprocessing = 0;
		};
		3693131A1FEA30DC00C8FE87 /* Sources */ = {
			isa = PBXSourcesBuildPhase;
			buildActionMask = 2147483647;
			files = (
				369313231FEA30DC00C8FE87 /* SelectTableViewUITests.m in Sources */,
			);
			runOnlyForDeploymentPostprocessing = 0;
		};
/* End PBXSourcesBuildPhase section */

/* Begin PBXTargetDependency section */
		369313151FEA30DC00C8FE87 /* PBXTargetDependency */ = {
			isa = PBXTargetDependency;
			target = 369312FA1FEA30DC00C8FE87 /* SelectTableView */;
			targetProxy = 369313141FEA30DC00C8FE87 /* PBXContainerItemProxy */;
		};
		369313201FEA30DC00C8FE87 /* PBXTargetDependency */ = {
			isa = PBXTargetDependency;
			target = 369312FA1FEA30DC00C8FE87 /* SelectTableView */;
			targetProxy = 3693131F1FEA30DC00C8FE87 /* PBXContainerItemProxy */;
		};
/* End PBXTargetDependency section */

/* Begin PBXVariantGroup section */
		369313041FEA30DC00C8FE87 /* Main.storyboard */ = {
			isa = PBXVariantGroup;
			children = (
				369313051FEA30DC00C8FE87 /* Base */,
			);
			name = Main.storyboard;
			sourceTree = "<group>";
		};
		369313091FEA30DC00C8FE87 /* LaunchScreen.storyboard */ = {
			isa = PBXVariantGroup;
			children = (
				3693130A1FEA30DC00C8FE87 /* Base */,
			);
			name = LaunchScreen.storyboard;
			sourceTree = "<group>";
		};
/* End PBXVariantGroup section */

/* Begin XCBuildConfiguration section */
		369313251FEA30DC00C8FE87 /* Debug */ = {
			isa = XCBuildConfiguration;
			buildSettings = {
				ALWAYS_SEARCH_USER_PATHS = NO;
				CLANG_ANALYZER_NONNULL = YES;
				CLANG_ANALYZER_NUMBER_OBJECT_CONVERSION = YES_AGGRESSIVE;
				CLANG_CXX_LANGUAGE_STANDARD = "gnu++14";
				CLANG_CXX_LIBRARY = "libc++";
				CLANG_ENABLE_MODULES = YES;
				CLANG_ENABLE_OBJC_ARC = YES;
				CLANG_WARN_BLOCK_CAPTURE_AUTORELEASING = YES;
				CLANG_WARN_BOOL_CONVERSION = YES;
				CLANG_WARN_COMMA = YES;
				CLANG_WARN_CONSTANT_CONVERSION = YES;
				CLANG_WARN_DIRECT_OBJC_ISA_USAGE = YES_ERROR;
				CLANG_WARN_DOCUMENTATION_COMMENTS = YES;
				CLANG_WARN_EMPTY_BODY = YES;
				CLANG_WARN_ENUM_CONVERSION = YES;
				CLANG_WARN_INFINITE_RECURSION = YES;
				CLANG_WARN_INT_CONVERSION = YES;
				CLANG_WARN_NON_LITERAL_NULL_CONVERSION = YES;
				CLANG_WARN_OBJC_LITERAL_CONVERSION = YES;
				CLANG_WARN_OBJC_ROOT_CLASS = YES_ERROR;
				CLANG_WARN_RANGE_LOOP_ANALYSIS = YES;
				CLANG_WARN_STRICT_PROTOTYPES = YES;
				CLANG_WARN_SUSPICIOUS_MOVE = YES;
				CLANG_WARN_UNGUARDED_AVAILABILITY = YES_AGGRESSIVE;
				CLANG_WARN_UNREACHABLE_CODE = YES;
				CLANG_WARN__DUPLICATE_METHOD_MATCH = YES;
				CODE_SIGN_IDENTITY = "iPhone Developer";
				COPY_PHASE_STRIP = NO;
				DEBUG_INFORMATION_FORMAT = dwarf;
				ENABLE_STRICT_OBJC_MSGSEND = YES;
				ENABLE_TESTABILITY = YES;
				GCC_C_LANGUAGE_STANDARD = gnu11;
				GCC_DYNAMIC_NO_PIC = NO;
				GCC_NO_COMMON_BLOCKS = YES;
				GCC_OPTIMIZATION_LEVEL = 0;
				GCC_PREPROCESSOR_DEFINITIONS = (
					"DEBUG=1",
					"$(inherited)",
				);
				GCC_WARN_64_TO_32_BIT_CONVERSION = YES;
				GCC_WARN_ABOUT_RETURN_TYPE = YES_ERROR;
				GCC_WARN_UNDECLARED_SELECTOR = YES;
				GCC_WARN_UNINITIALIZED_AUTOS = YES_AGGRESSIVE;
				GCC_WARN_UNUSED_FUNCTION = YES;
				GCC_WARN_UNUSED_VARIABLE = YES;
				IPHONEOS_DEPLOYMENT_TARGET = 11.2;
				MTL_ENABLE_DEBUG_INFO = YES;
				ONLY_ACTIVE_ARCH = YES;
				SDKROOT = iphoneos;
			};
			name = Debug;
		};
		369313261FEA30DC00C8FE87 /* Release */ = {
			isa = XCBuildConfiguration;
			buildSettings = {
				ALWAYS_SEARCH_USER_PATHS = NO;
				CLANG_ANALYZER_NONNULL = YES;
				CLANG_ANALYZER_NUMBER_OBJECT_CONVERSION = YES_AGGRESSIVE;
				CLANG_CXX_LANGUAGE_STANDARD = "gnu++14";
				CLANG_CXX_LIBRARY = "libc++";
				CLANG_ENABLE_MODULES = YES;
				CLANG_ENABLE_OBJC_ARC = YES;
				CLANG_WARN_BLOCK_CAPTURE_AUTORELEASING = YES;
				CLANG_WARN_BOOL_CONVERSION = YES;
				CLANG_WARN_COMMA = YES;
				CLANG_WARN_CONSTANT_CONVERSION = YES;
				CLANG_WARN_DIRECT_OBJC_ISA_USAGE = YES_ERROR;
				CLANG_WARN_DOCUMENTATION_COMMENTS = YES;
				CLANG_WARN_EMPTY_BODY = YES;
				CLANG_WARN_ENUM_CONVERSION = YES;
				CLANG_WARN_INFINITE_RECURSION = YES;
				CLANG_WARN_INT_CONVERSION = YES;
				CLANG_WARN_NON_LITERAL_NULL_CONVERSION = YES;
				CLANG_WARN_OBJC_LITERAL_CONVERSION = YES;
				CLANG_WARN_OBJC_ROOT_CLASS = YES_ERROR;
				CLANG_WARN_RANGE_LOOP_ANALYSIS = YES;
				CLANG_WARN_STRICT_PROTOTYPES = YES;
				CLANG_WARN_SUSPICIOUS_MOVE = YES;
				CLANG_WARN_UNGUARDED_AVAILABILITY = YES_AGGRESSIVE;
				CLANG_WARN_UNREACHABLE_CODE = YES;
				CLANG_WARN__DUPLICATE_METHOD_MATCH = YES;
				CODE_SIGN_IDENTITY = "iPhone Developer";
				COPY_PHASE_STRIP = NO;
				DEBUG_INFORMATION_FORMAT = "dwarf-with-dsym";
				ENABLE_NS_ASSERTIONS = NO;
				ENABLE_STRICT_OBJC_MSGSEND = YES;
				GCC_C_LANGUAGE_STANDARD = gnu11;
				GCC_NO_COMMON_BLOCKS = YES;
				GCC_WARN_64_TO_32_BIT_CONVERSION = YES;
				GCC_WARN_ABOUT_RETURN_TYPE = YES_ERROR;
				GCC_WARN_UNDECLARED_SELECTOR = YES;
				GCC_WARN_UNINITIALIZED_AUTOS = YES_AGGRESSIVE;
				GCC_WARN_UNUSED_FUNCTION = YES;
				GCC_WARN_UNUSED_VARIABLE = YES;
				IPHONEOS_DEPLOYMENT_TARGET = 11.2;
				MTL_ENABLE_DEBUG_INFO = NO;
				SDKROOT = iphoneos;
				VALIDATE_PRODUCT = YES;
			};
			name = Release;
		};
		369313281FEA30DC00C8FE87 /* Debug */ = {
			isa = XCBuildConfiguration;
			buildSettings = {
				ASSETCATALOG_COMPILER_APPICON_NAME = AppIcon;
				CODE_SIGN_STYLE = Automatic;
				INFOPLIST_FILE = SelectTableView/Info.plist;
				LD_RUNPATH_SEARCH_PATHS = "$(inherited) @executable_path/Frameworks";
				PRODUCT_BUNDLE_IDENTIFIER = Rainy.SelectTableView;
				PRODUCT_NAME = "$(TARGET_NAME)";
				TARGETED_DEVICE_FAMILY = "1,2";
			};
			name = Debug;
		};
		369313291FEA30DC00C8FE87 /* Release */ = {
			isa = XCBuildConfiguration;
			buildSettings = {
				ASSETCATALOG_COMPILER_APPICON_NAME = AppIcon;
				CODE_SIGN_STYLE = Automatic;
				INFOPLIST_FILE = SelectTableView/Info.plist;
				LD_RUNPATH_SEARCH_PATHS = "$(inherited) @executable_path/Frameworks";
				PRODUCT_BUNDLE_IDENTIFIER = Rainy.SelectTableView;
				PRODUCT_NAME = "$(TARGET_NAME)";
				TARGETED_DEVICE_FAMILY = "1,2";
			};
			name = Release;
		};
		3693132B1FEA30DC00C8FE87 /* Debug */ = {
			isa = XCBuildConfiguration;
			buildSettings = {
				BUNDLE_LOADER = "$(TEST_HOST)";
				CODE_SIGN_STYLE = Automatic;
				INFOPLIST_FILE = SelectTableViewTests/Info.plist;
				LD_RUNPATH_SEARCH_PATHS = "$(inherited) @executable_path/Frameworks @loader_path/Frameworks";
				PRODUCT_BUNDLE_IDENTIFIER = Rainy.SelectTableViewTests;
				PRODUCT_NAME = "$(TARGET_NAME)";
				TARGETED_DEVICE_FAMILY = "1,2";
				TEST_HOST = "$(BUILT_PRODUCTS_DIR)/SelectTableView.app/SelectTableView";
			};
			name = Debug;
		};
		3693132C1FEA30DC00C8FE87 /* Release */ = {
			isa = XCBuildConfiguration;
			buildSettings = {
				BUNDLE_LOADER = "$(TEST_HOST)";
				CODE_SIGN_STYLE = Automatic;
				INFOPLIST_FILE = SelectTableViewTests/Info.plist;
				LD_RUNPATH_SEARCH_PATHS = "$(inherited) @executable_path/Frameworks @loader_path/Frameworks";
				PRODUCT_BUNDLE_IDENTIFIER = Rainy.SelectTableViewTests;
				PRODUCT_NAME = "$(TARGET_NAME)";
				TARGETED_DEVICE_FAMILY = "1,2";
				TEST_HOST = "$(BUILT_PRODUCTS_DIR)/SelectTableView.app/SelectTableView";
			};
			name = Release;
		};
		3693132E1FEA30DC00C8FE87 /* Debug */ = {
			isa = XCBuildConfiguration;
			buildSettings = {
				CODE_SIGN_STYLE = Automatic;
				INFOPLIST_FILE = SelectTableViewUITests/Info.plist;
				LD_RUNPATH_SEARCH_PATHS = "$(inherited) @executable_path/Frameworks @loader_path/Frameworks";
				PRODUCT_BUNDLE_IDENTIFIER = Rainy.SelectTableViewUITests;
				PRODUCT_NAME = "$(TARGET_NAME)";
				TARGETED_DEVICE_FAMILY = "1,2";
				TEST_TARGET_NAME = SelectTableView;
			};
			name = Debug;
		};
		3693132F1FEA30DC00C8FE87 /* Release */ = {
			isa = XCBuildConfiguration;
			buildSettings = {
				CODE_SIGN_STYLE = Automatic;
				INFOPLIST_FILE = SelectTableViewUITests/Info.plist;
				LD_RUNPATH_SEARCH_PATHS = "$(inherited) @executable_path/Frameworks @loader_path/Frameworks";
				PRODUCT_BUNDLE_IDENTIFIER = Rainy.SelectTableViewUITests;
				PRODUCT_NAME = "$(TARGET_NAME)";
				TARGETED_DEVICE_FAMILY = "1,2";
				TEST_TARGET_NAME = SelectTableView;
			};
			name = Release;
		};
/* End XCBuildConfiguration section */

/* Begin XCConfigurationList section */
		369312F61FEA30DC00C8FE87 /* Build configuration list for PBXProject "SelectTableView" */ = {
			isa = XCConfigurationList;
			buildConfigurations = (
				369313251FEA30DC00C8FE87 /* Debug */,
				369313261FEA30DC00C8FE87 /* Release */,
			);
			defaultConfigurationIsVisible = 0;
			defaultConfigurationName = Release;
		};
		369313271FEA30DC00C8FE87 /* Build configuration list for PBXNativeTarget "SelectTableView" */ = {
			isa = XCConfigurationList;
			buildConfigurations = (
				369313281FEA30DC00C8FE87 /* Debug */,
				369313291FEA30DC00C8FE87 /* Release */,
			);
			defaultConfigurationIsVisible = 0;
			defaultConfigurationName = Release;
		};
		3693132A1FEA30DC00C8FE87 /* Build configuration list for PBXNativeTarget "SelectTableViewTests" */ = {
			isa = XCConfigurationList;
			buildConfigurations = (
				3693132B1FEA30DC00C8FE87 /* Debug */,
				3693132C1FEA30DC00C8FE87 /* Release */,
			);
			defaultConfigurationIsVisible = 0;
			defaultConfigurationName = Release;
		};
		3693132D1FEA30DC00C8FE87 /* Build configuration list for PBXNativeTarget "SelectTableViewUITests" */ = {
			isa = XCConfigurationList;
			buildConfigurations = (
				3693132E1FEA30DC00C8FE87 /* Debug */,
				3693132F1FEA30DC00C8FE87 /* Release */,
			);
			defaultConfigurationIsVisible = 0;
			defaultConfigurationName = Release;
		};
/* End XCConfigurationList section */
	};
	rootObject = 369312F31FEA30DC00C8FE87 /* Project object */;
}
